// !$*UTF8*$!
{
	archiveVersion = 1;
	classes = {
	};
	objectVersion = 46;
	objects = {

/* Begin PBXBuildFile section */
		099D1EA31967509F0045D022 /* Foundation.framework in Frameworks */ = {isa = PBXBuildFile; fileRef = 099D1EA21967509F0045D022 /* Foundation.framework */; };
		099D1EA51967509F0045D022 /* CoreGraphics.framework in Frameworks */ = {isa = PBXBuildFile; fileRef = 099D1EA41967509F0045D022 /* CoreGraphics.framework */; };
		099D1EA71967509F0045D022 /* UIKit.framework in Frameworks */ = {isa = PBXBuildFile; fileRef = 099D1EA61967509F0045D022 /* UIKit.framework */; };
		099D1EAD1967509F0045D022 /* InfoPlist.strings in Resources */ = {isa = PBXBuildFile; fileRef = 099D1EAB1967509F0045D022 /* InfoPlist.strings */; };
		099D1EAF1967509F0045D022 /* main.m in Sources */ = {isa = PBXBuildFile; fileRef = 099D1EAE1967509F0045D022 /* main.m */; };
		099D1EB31967509F0045D022 /* AppDelegate.m in Sources */ = {isa = PBXBuildFile; fileRef = 099D1EB21967509F0045D022 /* AppDelegate.m */; };
		099D1EB61967509F0045D022 /* Main_iPhone.storyboard in Resources */ = {isa = PBXBuildFile; fileRef = 099D1EB41967509F0045D022 /* Main_iPhone.storyboard */; };
		099D1EB91967509F0045D022 /* Main_iPad.storyboard in Resources */ = {isa = PBXBuildFile; fileRef = 099D1EB71967509F0045D022 /* Main_iPad.storyboard */; };
		099D1EBE1967509F0045D022 /* Images.xcassets in Resources */ = {isa = PBXBuildFile; fileRef = 099D1EBD1967509F0045D022 /* Images.xcassets */; };
		099D1EDB196750C90045D022 /* CoreLocation.framework in Frameworks */ = {isa = PBXBuildFile; fileRef = 099D1EDA196750C90045D022 /* CoreLocation.framework */; };
		099D1EDE196752860045D022 /* BeaconsTableViewController.m in Sources */ = {isa = PBXBuildFile; fileRef = 099D1EDD196752860045D022 /* BeaconsTableViewController.m */; };
		099D1EE1196752B20045D022 /* BeaconTableViewCell.m in Sources */ = {isa = PBXBuildFile; fileRef = 099D1EE0196752B20045D022 /* BeaconTableViewCell.m */; };
/* End PBXBuildFile section */

/* Begin PBXFileReference section */
		099D1E9F1967509F0045D022 /* BlueBar Beacon Locator.app */ = {isa = PBXFileReference; explicitFileType = wrapper.application; includeInIndex = 0; path = "BlueBar Beacon Locator.app"; sourceTree = BUILT_PRODUCTS_DIR; };
		099D1EA21967509F0045D022 /* Foundation.framework */ = {isa = PBXFileReference; lastKnownFileType = wrapper.framework; name = Foundation.framework; path = System/Library/Frameworks/Foundation.framework; sourceTree = SDKROOT; };
		099D1EA41967509F0045D022 /* CoreGraphics.framework */ = {isa = PBXFileReference; lastKnownFileType = wrapper.framework; name = CoreGraphics.framework; path = System/Library/Frameworks/CoreGraphics.framework; sourceTree = SDKROOT; };
		099D1EA61967509F0045D022 /* UIKit.framework */ = {isa = PBXFileReference; lastKnownFileType = wrapper.framework; name = UIKit.framework; path = System/Library/Frameworks/UIKit.framework; sourceTree = SDKROOT; };
		099D1EAA1967509F0045D022 /* BlueBar Beacon Locator-Info.plist */ = {isa = PBXFileReference; lastKnownFileType = text.plist.xml; path = "BlueBar Beacon Locator-Info.plist"; sourceTree = "<group>"; };
		099D1EAC1967509F0045D022 /* en */ = {isa = PBXFileReference; lastKnownFileType = text.plist.strings; name = en; path = en.lproj/InfoPlist.strings; sourceTree = "<group>"; };
		099D1EAE1967509F0045D022 /* main.m */ = {isa = PBXFileReference; lastKnownFileType = sourcecode.c.objc; path = main.m; sourceTree = "<group>"; };
		099D1EB01967509F0045D022 /* BlueBar Beacon Locator-Prefix.pch */ = {isa = PBXFileReference; lastKnownFileType = sourcecode.c.h; path = "BlueBar Beacon Locator-Prefix.pch"; sourceTree = "<group>"; };
		099D1EB11967509F0045D022 /* AppDelegate.h */ = {isa = PBXFileReference; lastKnownFileType = sourcecode.c.h; path = AppDelegate.h; sourceTree = "<group>"; };
		099D1EB21967509F0045D022 /* AppDelegate.m */ = {isa = PBXFileReference; lastKnownFileType = sourcecode.c.objc; path = AppDelegate.m; sourceTree = "<group>"; };
		099D1EB51967509F0045D022 /* Base */ = {isa = PBXFileReference; lastKnownFileType = file.storyboard; name = Base; path = Base.lproj/Main_iPhone.storyboard; sourceTree = "<group>"; };
		099D1EB81967509F0045D022 /* Base */ = {isa = PBXFileReference; lastKnownFileType = file.storyboard; name = Base; path = Base.lproj/Main_iPad.storyboard; sourceTree = "<group>"; };
		099D1EBD1967509F0045D022 /* Images.xcassets */ = {isa = PBXFileReference; lastKnownFileType = folder.assetcatalog; path = Images.xcassets; sourceTree = "<group>"; };
		099D1EC41967509F0045D022 /* XCTest.framework */ = {isa = PBXFileReference; lastKnownFileType = wrapper.framework; name = XCTest.framework; path = Library/Frameworks/XCTest.framework; sourceTree = DEVELOPER_DIR; };
		099D1EDA196750C90045D022 /* CoreLocation.framework */ = {isa = PBXFileReference; lastKnownFileType = wrapper.framework; name = CoreLocation.framework; path = System/Library/Frameworks/CoreLocation.framework; sourceTree = SDKROOT; };
		099D1EDC196752860045D022 /* BeaconsTableViewController.h */ = {isa = PBXFileReference; fileEncoding = 4; lastKnownFileType = sourcecode.c.h; path = BeaconsTableViewController.h; sourceTree = "<group>"; };
		099D1EDD196752860045D022 /* BeaconsTableViewController.m */ = {isa = PBXFileReference; fileEncoding = 4; lastKnownFileType = sourcecode.c.objc; path = BeaconsTableViewController.m; sourceTree = "<group>"; };
		099D1EDF196752B20045D022 /* BeaconTableViewCell.h */ = {isa = PBXFileReference; fileEncoding = 4; lastKnownFileType = sourcecode.c.h; path = BeaconTableViewCell.h; sourceTree = "<group>"; };
		099D1EE0196752B20045D022 /* BeaconTableViewCell.m */ = {isa = PBXFileReference; fileEncoding = 4; lastKnownFileType = sourcecode.c.objc; path = BeaconTableViewCell.m; sourceTree = "<group>"; };
/* End PBXFileReference section */

/* Begin PBXFrameworksBuildPhase section */
		099D1E9C1967509F0045D022 /* Frameworks */ = {
			isa = PBXFrameworksBuildPhase;
			buildActionMask = 2147483647;
			files = (
				099D1EDB196750C90045D022 /* CoreLocation.framework in Frameworks */,
				099D1EA51967509F0045D022 /* CoreGraphics.framework in Frameworks */,
				099D1EA71967509F0045D022 /* UIKit.framework in Frameworks */,
				099D1EA31967509F0045D022 /* Foundation.framework in Frameworks */,
			);
			runOnlyForDeploymentPostprocessing = 0;
		};
/* End PBXFrameworksBuildPhase section */

/* Begin PBXGroup section */
		099D1E961967509F0045D022 = {
			isa = PBXGroup;
			children = (
				099D1EA81967509F0045D022 /* BlueBar Beacon Locator */,
				099D1EA11967509F0045D022 /* Frameworks */,
				099D1EA01967509F0045D022 /* Products */,
			);
			sourceTree = "<group>";
		};
		099D1EA01967509F0045D022 /* Products */ = {
			isa = PBXGroup;
			children = (
				099D1E9F1967509F0045D022 /* BlueBar Beacon Locator.app */,
			);
			name = Products;
			sourceTree = "<group>";
		};
		099D1EA11967509F0045D022 /* Frameworks */ = {
			isa = PBXGroup;
			children = (
				099D1EDA196750C90045D022 /* CoreLocation.framework */,
				099D1EA21967509F0045D022 /* Foundation.framework */,
				099D1EA41967509F0045D022 /* CoreGraphics.framework */,
				099D1EA61967509F0045D022 /* UIKit.framework */,
				099D1EC41967509F0045D022 /* XCTest.framework */,
			);
			name = Frameworks;
			sourceTree = "<group>";
		};
		099D1EA81967509F0045D022 /* BlueBar Beacon Locator */ = {
			isa = PBXGroup;
			children = (
				099D1EB11967509F0045D022 /* AppDelegate.h */,
				099D1EB21967509F0045D022 /* AppDelegate.m */,
				099D1EDC196752860045D022 /* BeaconsTableViewController.h */,
				099D1EDD196752860045D022 /* BeaconsTableViewController.m */,
				099D1EDF196752B20045D022 /* BeaconTableViewCell.h */,
				099D1EE0196752B20045D022 /* BeaconTableViewCell.m */,
				099D1EBD1967509F0045D022 /* Images.xcassets */,
				099D1EB71967509F0045D022 /* Main_iPad.storyboard */,
				099D1EB41967509F0045D022 /* Main_iPhone.storyboard */,
				099D1EA91967509F0045D022 /* Supporting Files */,
			);
			path = "BlueBar Beacon Locator";
			sourceTree = "<group>";
		};
		099D1EA91967509F0045D022 /* Supporting Files */ = {
			isa = PBXGroup;
			children = (
				099D1EAA1967509F0045D022 /* BlueBar Beacon Locator-Info.plist */,
				099D1EAB1967509F0045D022 /* InfoPlist.strings */,
				099D1EAE1967509F0045D022 /* main.m */,
				099D1EB01967509F0045D022 /* BlueBar Beacon Locator-Prefix.pch */,
			);
			name = "Supporting Files";
			sourceTree = "<group>";
		};
/* End PBXGroup section */

/* Begin PBXNativeTarget section */
		099D1E9E1967509F0045D022 /* BlueBar Beacon Locator */ = {
			isa = PBXNativeTarget;
			buildConfigurationList = 099D1ED41967509F0045D022 /* Build configuration list for PBXNativeTarget "BlueBar Beacon Locator" */;
			buildPhases = (
				099D1E9B1967509F0045D022 /* Sources */,
				099D1E9C1967509F0045D022 /* Frameworks */,
				099D1E9D1967509F0045D022 /* Resources */,
			);
			buildRules = (
			);
			dependencies = (
			);
			name = "BlueBar Beacon Locator";
			productName = "BlueBar Beacon Locator";
			productReference = 099D1E9F1967509F0045D022 /* BlueBar Beacon Locator.app */;
			productType = "com.apple.product-type.application";
		};
/* End PBXNativeTarget section */

/* Begin PBXProject section */
		099D1E971967509F0045D022 /* Project object */ = {
			isa = PBXProject;
			attributes = {
				LastUpgradeCheck = 0510;
				ORGANIZATIONNAME = "Blue Sense Networks";
				TargetAttributes = {
					099D1E9E1967509F0045D022 = {
						DevelopmentTeam = BNN3C9F338;
					};
				};
			};
			buildConfigurationList = 099D1E9A1967509F0045D022 /* Build configuration list for PBXProject "BlueBar Beacon Locator" */;
			compatibilityVersion = "Xcode 3.2";
			developmentRegion = English;
			hasScannedForEncodings = 0;
			knownRegions = (
				en,
				Base,
			);
			mainGroup = 099D1E961967509F0045D022;
			productRefGroup = 099D1EA01967509F0045D022 /* Products */;
			projectDirPath = "";
			projectRoot = "";
			targets = (
				099D1E9E1967509F0045D022 /* BlueBar Beacon Locator */,
			);
		};
/* End PBXProject section */

/* Begin PBXResourcesBuildPhase section */
		099D1E9D1967509F0045D022 /* Resources */ = {
			isa = PBXResourcesBuildPhase;
			buildActionMask = 2147483647;
			files = (
				099D1EB91967509F0045D022 /* Main_iPad.storyboard in Resources */,
				099D1EBE1967509F0045D022 /* Images.xcassets in Resources */,
				099D1EB61967509F0045D022 /* Main_iPhone.storyboard in Resources */,
				099D1EAD1967509F0045D022 /* InfoPlist.strings in Resources */,
			);
			runOnlyForDeploymentPostprocessing = 0;
		};
/* End PBXResourcesBuildPhase section */

/* Begin PBXSourcesBuildPhase section */
		099D1E9B1967509F0045D022 /* Sources */ = {
			isa = PBXSourcesBuildPhase;
			buildActionMask = 2147483647;
			files = (
				099D1EDE196752860045D022 /* BeaconsTableViewController.m in Sources */,
				099D1EB31967509F0045D022 /* AppDelegate.m in Sources */,
				099D1EAF1967509F0045D022 /* main.m in Sources */,
				099D1EE1196752B20045D022 /* BeaconTableViewCell.m in Sources */,
			);
			runOnlyForDeploymentPostprocessing = 0;
		};
/* End PBXSourcesBuildPhase section */

/* Begin PBXVariantGroup section */
		099D1EAB1967509F0045D022 /* InfoPlist.strings */ = {
			isa = PBXVariantGroup;
			children = (
				099D1EAC1967509F0045D022 /* en */,
			);
			name = InfoPlist.strings;
			sourceTree = "<group>";
		};
		099D1EB41967509F0045D022 /* Main_iPhone.storyboard */ = {
			isa = PBXVariantGroup;
			children = (
				099D1EB51967509F0045D022 /* Base */,
			);
			name = Main_iPhone.storyboard;
			sourceTree = "<group>";
		};
		099D1EB71967509F0045D022 /* Main_iPad.storyboard */ = {
			isa = PBXVariantGroup;
			children = (
				099D1EB81967509F0045D022 /* Base */,
			);
			name = Main_iPad.storyboard;
			sourceTree = "<group>";
		};
/* End PBXVariantGroup section */

/* Begin XCBuildConfiguration section */
		099D1ED21967509F0045D022 /* Debug */ = {
			isa = XCBuildConfiguration;
			buildSettings = {
				ALWAYS_SEARCH_USER_PATHS = NO;
				CLANG_CXX_LANGUAGE_STANDARD = "gnu++0x";
				CLANG_CXX_LIBRARY = "libc++";
				CLANG_ENABLE_MODULES = YES;
				CLANG_ENABLE_OBJC_ARC = YES;
				CLANG_WARN_BOOL_CONVERSION = YES;
				CLANG_WARN_CONSTANT_CONVERSION = YES;
				CLANG_WARN_DIRECT_OBJC_ISA_USAGE = YES_ERROR;
				CLANG_WARN_EMPTY_BODY = YES;
				CLANG_WARN_ENUM_CONVERSION = YES;
				CLANG_WARN_INT_CONVERSION = YES;
				CLANG_WARN_OBJC_ROOT_CLASS = YES_ERROR;
				CLANG_WARN__DUPLICATE_METHOD_MATCH = YES;
				"CODE_SIGN_IDENTITY[sdk=iphoneos*]" = "iPhone Developer";
				COPY_PHASE_STRIP = NO;
				GCC_C_LANGUAGE_STANDARD = gnu99;
				GCC_DYNAMIC_NO_PIC = NO;
				GCC_OPTIMIZATION_LEVEL = 0;
				GCC_PREPROCESSOR_DEFINITIONS = (
					"DEBUG=1",
					"$(inherited)",
				);
				GCC_SYMBOLS_PRIVATE_EXTERN = NO;
				GCC_WARN_64_TO_32_BIT_CONVERSION = YES;
				GCC_WARN_ABOUT_RETURN_TYPE = YES_ERROR;
				GCC_WARN_UNDECLARED_SELECTOR = YES;
				GCC_WARN_UNINITIALIZED_AUTOS = YES_AGGRESSIVE;
				GCC_WARN_UNUSED_FUNCTION = YES;
				GCC_WARN_UNUSED_VARIABLE = YES;
				IPHONEOS_DEPLOYMENT_TARGET = 7.1;
				ONLY_ACTIVE_ARCH = YES;
				SDKROOT = iphoneos;
				TARGETED_DEVICE_FAMILY = "1,2";
			};
			name = Debug;
		};
		099D1ED31967509F0045D022 /* Release */ = {
			isa = XCBuildConfiguration;
			buildSettings = {
				ALWAYS_SEARCH_USER_PATHS = NO;
				CLANG_CXX_LANGUAGE_STANDARD = "gnu++0x";
				CLANG_CXX_LIBRARY = "libc++";
				CLANG_ENABLE_MODULES = YES;
				CLANG_ENABLE_OBJC_ARC = YES;
				CLANG_WARN_BOOL_CONVERSION = YES;
				CLANG_WARN_CONSTANT_CONVERSION = YES;
				CLANG_WARN_DIRECT_OBJC_ISA_USAGE = YES_ERROR;
				CLANG_WARN_EMPTY_BODY = YES;
				CLANG_WARN_ENUM_CONVERSION = YES;
				CLANG_WARN_INT_CONVERSION = YES;
				CLANG_WARN_OBJC_ROOT_CLASS = YES_ERROR;
				CLANG_WARN__DUPLICATE_METHOD_MATCH = YES;
				"CODE_SIGN_IDENTITY[sdk=iphoneos*]" = "iPhone Developer";
				COPY_PHASE_STRIP = YES;
				ENABLE_NS_ASSERTIONS = NO;
				GCC_C_LANGUAGE_STANDARD = gnu99;
				GCC_WARN_64_TO_32_BIT_CONVERSION = YES;
				GCC_WARN_ABOUT_RETURN_TYPE = YES_ERROR;
				GCC_WARN_UNDECLARED_SELECTOR = YES;
				GCC_WARN_UNINITIALIZED_AUTOS = YES_AGGRESSIVE;
				GCC_WARN_UNUSED_FUNCTION = YES;
				GCC_WARN_UNUSED_VARIABLE = YES;
				IPHONEOS_DEPLOYMENT_TARGET = 7.1;
				SDKROOT = iphoneos;
				TARGETED_DEVICE_FAMILY = "1,2";
				VALIDATE_PRODUCT = YES;
			};
			name = Release;
		};
		099D1ED51967509F0045D022 /* Debug */ = {
			isa = XCBuildConfiguration;
			buildSettings = {
				ASSETCATALOG_COMPILER_APPICON_NAME = AppIcon;
				ASSETCATALOG_COMPILER_LAUNCHIMAGE_NAME = LaunchImage;
				CODE_SIGN_IDENTITY = "iPhone Developer";
				GCC_PRECOMPILE_PREFIX_HEADER = YES;
				GCC_PREFIX_HEADER = "BlueBar Beacon Locator/BlueBar Beacon Locator-Prefix.pch";
				INFOPLIST_FILE = "BlueBar Beacon Locator/BlueBar Beacon Locator-Info.plist";
				IPHONEOS_DEPLOYMENT_TARGET = 7.1;
				PRODUCT_NAME = "$(TARGET_NAME)";
				WRAPPER_EXTENSION = app;
			};
			name = Debug;
		};
		099D1ED61967509F0045D022 /* Release */ = {
			isa = XCBuildConfiguration;
			buildSettings = {
				ASSETCATALOG_COMPILER_APPICON_NAME = AppIcon;
				ASSETCATALOG_COMPILER_LAUNCHIMAGE_NAME = LaunchImage;
				CODE_SIGN_IDENTITY = "iPhone Developer";
				GCC_PRECOMPILE_PREFIX_HEADER = YES;
				GCC_PREFIX_HEADER = "BlueBar Beacon Locator/BlueBar Beacon Locator-Prefix.pch";
				INFOPLIST_FILE = "BlueBar Beacon Locator/BlueBar Beacon Locator-Info.plist";
				IPHONEOS_DEPLOYMENT_TARGET = 7.1;
				PRODUCT_NAME = "$(TARGET_NAME)";
				WRAPPER_EXTENSION = app;
			};
			name = Release;
		};
/* End XCBuildConfiguration section */

/* Begin XCConfigurationList section */
		099D1E9A1967509F0045D022 /* Build configuration list for PBXProject "BlueBar Beacon Locator" */ = {
			isa = XCConfigurationList;
			buildConfigurations = (
				099D1ED21967509F0045D022 /* Debug */,
				099D1ED31967509F0045D022 /* Release */,
			);
			defaultConfigurationIsVisible = 0;
			defaultConfigurationName = Release;
		};
		099D1ED41967509F0045D022 /* Build configuration list for PBXNativeTarget "BlueBar Beacon Locator" */ = {
			isa = XCConfigurationList;
			buildConfigurations = (
				099D1ED51967509F0045D022 /* Debug */,
				099D1ED61967509F0045D022 /* Release */,
			);
			defaultConfigurationIsVisible = 0;
			defaultConfigurationName = Release;
		};
/* End XCConfigurationList section */
	};
	rootObject = 099D1E971967509F0045D022 /* Project object */;
}
