// !$*UTF8*$!
{
	archiveVersion = 1;
	classes = {
	};
	objectVersion = 46;
	objects = {

/* Begin PBXBuildFile section */
		093EF5D719D8DE2D00A51AB2 /* Main.storyboard in Resources */ = {isa = PBXBuildFile; fileRef = 093EF5D619D8DE2D00A51AB2 /* Main.storyboard */; };
		093EF5DA19DC696800A51AB2 /* CalibrateViewController.m in Sources */ = {isa = PBXBuildFile; fileRef = 093EF5D919DC696800A51AB2 /* CalibrateViewController.m */; };
		096AA20F1BF40B4600E4C51E /* Launch Screen.storyboard in Resources */ = {isa = PBXBuildFile; fileRef = 096AA20E1BF40B4600E4C51E /* Launch Screen.storyboard */; };
		0999CFE2189C693B00E877BC /* Foundation.framework in Frameworks */ = {isa = PBXBuildFile; fileRef = 0999CFE1189C693B00E877BC /* Foundation.framework */; };
		0999CFE4189C693B00E877BC /* CoreGraphics.framework in Frameworks */ = {isa = PBXBuildFile; fileRef = 0999CFE3189C693B00E877BC /* CoreGraphics.framework */; };
		0999CFE6189C693B00E877BC /* UIKit.framework in Frameworks */ = {isa = PBXBuildFile; fileRef = 0999CFE5189C693B00E877BC /* UIKit.framework */; };
		0999CFEC189C693B00E877BC /* InfoPlist.strings in Resources */ = {isa = PBXBuildFile; fileRef = 0999CFEA189C693B00E877BC /* InfoPlist.strings */; };
		0999CFEE189C693B00E877BC /* main.m in Sources */ = {isa = PBXBuildFile; fileRef = 0999CFED189C693B00E877BC /* main.m */; };
		0999CFF2189C693B00E877BC /* BSNAppDelegate.m in Sources */ = {isa = PBXBuildFile; fileRef = 0999CFF1189C693B00E877BC /* BSNAppDelegate.m */; };
		0999CFFD189C693B00E877BC /* Images.xcassets in Resources */ = {isa = PBXBuildFile; fileRef = 0999CFFC189C693B00E877BC /* Images.xcassets */; };
		09C202CE189DB3A200C23E5B /* BeaconsViewController.m in Sources */ = {isa = PBXBuildFile; fileRef = 09C202CD189DB3A200C23E5B /* BeaconsViewController.m */; };
		09C2032418A0663900C23E5B /* BeaconDetailViewController.m in Sources */ = {isa = PBXBuildFile; fileRef = 09C2032318A0663900C23E5B /* BeaconDetailViewController.m */; };
		09E0605619ED867000A580B9 /* libBlueBarSDK.a in Frameworks */ = {isa = PBXBuildFile; fileRef = 09E0605519ED867000A580B9 /* libBlueBarSDK.a */; };
		09EE48E618A2FB570048CCFE /* LoginViewController.m in Sources */ = {isa = PBXBuildFile; fileRef = 09EE48E518A2FB570048CCFE /* LoginViewController.m */; };
		DBA1504052E541EE9EA8A548 /* libPods-BlueBar Configuration Utility.a in Frameworks */ = {isa = PBXBuildFile; fileRef = 0B4E11B647684AE49C93BF5B /* libPods-BlueBar Configuration Utility.a */; };
/* End PBXBuildFile section */

/* Begin PBXFileReference section */
		093EF5D619D8DE2D00A51AB2 /* Main.storyboard */ = {isa = PBXFileReference; fileEncoding = 4; lastKnownFileType = file.storyboard; path = Main.storyboard; sourceTree = "<group>"; };
		093EF5D819DC696800A51AB2 /* CalibrateViewController.h */ = {isa = PBXFileReference; fileEncoding = 4; lastKnownFileType = sourcecode.c.h; path = CalibrateViewController.h; sourceTree = "<group>"; };
		093EF5D919DC696800A51AB2 /* CalibrateViewController.m */ = {isa = PBXFileReference; fileEncoding = 4; lastKnownFileType = sourcecode.c.objc; path = CalibrateViewController.m; sourceTree = "<group>"; };
		096AA20E1BF40B4600E4C51E /* Launch Screen.storyboard */ = {isa = PBXFileReference; fileEncoding = 4; lastKnownFileType = file.storyboard; path = "Launch Screen.storyboard"; sourceTree = "<group>"; };
		0999CFDE189C693B00E877BC /* Beacon Configuration Utility.app */ = {isa = PBXFileReference; explicitFileType = wrapper.application; includeInIndex = 0; path = "Beacon Configuration Utility.app"; sourceTree = BUILT_PRODUCTS_DIR; };
		0999CFE1189C693B00E877BC /* Foundation.framework */ = {isa = PBXFileReference; lastKnownFileType = wrapper.framework; name = Foundation.framework; path = System/Library/Frameworks/Foundation.framework; sourceTree = SDKROOT; };
		0999CFE3189C693B00E877BC /* CoreGraphics.framework */ = {isa = PBXFileReference; lastKnownFileType = wrapper.framework; name = CoreGraphics.framework; path = System/Library/Frameworks/CoreGraphics.framework; sourceTree = SDKROOT; };
		0999CFE5189C693B00E877BC /* UIKit.framework */ = {isa = PBXFileReference; lastKnownFileType = wrapper.framework; name = UIKit.framework; path = System/Library/Frameworks/UIKit.framework; sourceTree = SDKROOT; };
		0999CFE9189C693B00E877BC /* BlueBar Configuration Utility-Info.plist */ = {isa = PBXFileReference; lastKnownFileType = text.plist.xml; path = "BlueBar Configuration Utility-Info.plist"; sourceTree = "<group>"; };
		0999CFEB189C693B00E877BC /* en */ = {isa = PBXFileReference; lastKnownFileType = text.plist.strings; name = en; path = en.lproj/InfoPlist.strings; sourceTree = "<group>"; };
		0999CFED189C693B00E877BC /* main.m */ = {isa = PBXFileReference; lastKnownFileType = sourcecode.c.objc; path = main.m; sourceTree = "<group>"; };
		0999CFEF189C693B00E877BC /* BlueBar Configuration Utility-Prefix.pch */ = {isa = PBXFileReference; lastKnownFileType = sourcecode.c.h; path = "BlueBar Configuration Utility-Prefix.pch"; sourceTree = "<group>"; };
		0999CFF0189C693B00E877BC /* BSNAppDelegate.h */ = {isa = PBXFileReference; lastKnownFileType = sourcecode.c.h; path = BSNAppDelegate.h; sourceTree = "<group>"; };
		0999CFF1189C693B00E877BC /* BSNAppDelegate.m */ = {isa = PBXFileReference; lastKnownFileType = sourcecode.c.objc; path = BSNAppDelegate.m; sourceTree = "<group>"; };
		0999CFFC189C693B00E877BC /* Images.xcassets */ = {isa = PBXFileReference; lastKnownFileType = folder.assetcatalog; path = Images.xcassets; sourceTree = "<group>"; };
		09C202CC189DB3A200C23E5B /* BeaconsViewController.h */ = {isa = PBXFileReference; fileEncoding = 4; lastKnownFileType = sourcecode.c.h; path = BeaconsViewController.h; sourceTree = "<group>"; };
		09C202CD189DB3A200C23E5B /* BeaconsViewController.m */ = {isa = PBXFileReference; fileEncoding = 4; lastKnownFileType = sourcecode.c.objc; path = BeaconsViewController.m; sourceTree = "<group>"; };
		09C2032218A0663900C23E5B /* BeaconDetailViewController.h */ = {isa = PBXFileReference; fileEncoding = 4; lastKnownFileType = sourcecode.c.h; path = BeaconDetailViewController.h; sourceTree = "<group>"; };
		09C2032318A0663900C23E5B /* BeaconDetailViewController.m */ = {isa = PBXFileReference; fileEncoding = 4; lastKnownFileType = sourcecode.c.objc; path = BeaconDetailViewController.m; sourceTree = "<group>"; };
		09E0605519ED867000A580B9 /* libBlueBarSDK.a */ = {isa = PBXFileReference; lastKnownFileType = archive.ar; name = libBlueBarSDK.a; path = ../BlueBarSDK/lib/libBlueBarSDK.a; sourceTree = "<group>"; };
		09EE48E418A2FB570048CCFE /* LoginViewController.h */ = {isa = PBXFileReference; fileEncoding = 4; lastKnownFileType = sourcecode.c.h; path = LoginViewController.h; sourceTree = "<group>"; };
		09EE48E518A2FB570048CCFE /* LoginViewController.m */ = {isa = PBXFileReference; fileEncoding = 4; lastKnownFileType = sourcecode.c.objc; path = LoginViewController.m; sourceTree = "<group>"; };
		0B4E11B647684AE49C93BF5B /* libPods-BlueBar Configuration Utility.a */ = {isa = PBXFileReference; explicitFileType = archive.ar; includeInIndex = 0; path = "libPods-BlueBar Configuration Utility.a"; sourceTree = BUILT_PRODUCTS_DIR; };
		10382C2052C67F35E3C7CA31 /* Pods-BlueBar Configuration Utility.debug.xcconfig */ = {isa = PBXFileReference; includeInIndex = 1; lastKnownFileType = text.xcconfig; name = "Pods-BlueBar Configuration Utility.debug.xcconfig"; path = "Pods/Target Support Files/Pods-BlueBar Configuration Utility/Pods-BlueBar Configuration Utility.debug.xcconfig"; sourceTree = "<group>"; };
		C7A34E87AE858F2FE9813E0A /* Pods-BlueBar Configuration Utility.release.xcconfig */ = {isa = PBXFileReference; includeInIndex = 1; lastKnownFileType = text.xcconfig; name = "Pods-BlueBar Configuration Utility.release.xcconfig"; path = "Pods/Target Support Files/Pods-BlueBar Configuration Utility/Pods-BlueBar Configuration Utility.release.xcconfig"; sourceTree = "<group>"; };
/* End PBXFileReference section */

/* Begin PBXFrameworksBuildPhase section */
		0999CFDB189C693B00E877BC /* Frameworks */ = {
			isa = PBXFrameworksBuildPhase;
			buildActionMask = 2147483647;
			files = (
				09E0605619ED867000A580B9 /* libBlueBarSDK.a in Frameworks */,
				0999CFE4189C693B00E877BC /* CoreGraphics.framework in Frameworks */,
				0999CFE6189C693B00E877BC /* UIKit.framework in Frameworks */,
				0999CFE2189C693B00E877BC /* Foundation.framework in Frameworks */,
				DBA1504052E541EE9EA8A548 /* libPods-BlueBar Configuration Utility.a in Frameworks */,
			);
			runOnlyForDeploymentPostprocessing = 0;
		};
/* End PBXFrameworksBuildPhase section */

/* Begin PBXGroup section */
		0985238418C4006D005F3A8A /* iPad */ = {
			isa = PBXGroup;
			children = (
			);
			name = iPad;
			sourceTree = "<group>";
		};
		0999CFD5189C693B00E877BC = {
			isa = PBXGroup;
			children = (
				0999CFE7189C693B00E877BC /* BlueBar Service App */,
				0999CFE0189C693B00E877BC /* Frameworks */,
				0985238418C4006D005F3A8A /* iPad */,
				0999CFDF189C693B00E877BC /* Products */,
				6A43D144BA78E124F4D74BD8 /* Pods */,
			);
			sourceTree = "<group>";
		};
		0999CFDF189C693B00E877BC /* Products */ = {
			isa = PBXGroup;
			children = (
				0999CFDE189C693B00E877BC /* Beacon Configuration Utility.app */,
			);
			name = Products;
			sourceTree = "<group>";
		};
		0999CFE0189C693B00E877BC /* Frameworks */ = {
			isa = PBXGroup;
			children = (
				09E0605519ED867000A580B9 /* libBlueBarSDK.a */,
				0999CFE1189C693B00E877BC /* Foundation.framework */,
				0999CFE3189C693B00E877BC /* CoreGraphics.framework */,
				0999CFE5189C693B00E877BC /* UIKit.framework */,
				0B4E11B647684AE49C93BF5B /* libPods-BlueBar Configuration Utility.a */,
			);
			name = Frameworks;
			sourceTree = "<group>";
		};
		0999CFE7189C693B00E877BC /* BlueBar Service App */ = {
			isa = PBXGroup;
			children = (
				0999CFF0189C693B00E877BC /* BSNAppDelegate.h */,
				0999CFF1189C693B00E877BC /* BSNAppDelegate.m */,
				099D8B6918AEEE9A00DB70A6 /* Controllers */,
				0999CFFC189C693B00E877BC /* Images.xcassets */,
				093EF5D619D8DE2D00A51AB2 /* Main.storyboard */,
				0999CFE8189C693B00E877BC /* Supporting Files */,
				096AA20E1BF40B4600E4C51E /* Launch Screen.storyboard */,
			);
			path = "BlueBar Service App";
			sourceTree = "<group>";
		};
		0999CFE8189C693B00E877BC /* Supporting Files */ = {
			isa = PBXGroup;
			children = (
				0999CFE9189C693B00E877BC /* BlueBar Configuration Utility-Info.plist */,
				0999CFEA189C693B00E877BC /* InfoPlist.strings */,
				0999CFED189C693B00E877BC /* main.m */,
				0999CFEF189C693B00E877BC /* BlueBar Configuration Utility-Prefix.pch */,
			);
			name = "Supporting Files";
			sourceTree = "<group>";
		};
		099D8B6918AEEE9A00DB70A6 /* Controllers */ = {
			isa = PBXGroup;
			children = (
				09C2032218A0663900C23E5B /* BeaconDetailViewController.h */,
				09C2032318A0663900C23E5B /* BeaconDetailViewController.m */,
				09C202CC189DB3A200C23E5B /* BeaconsViewController.h */,
				09C202CD189DB3A200C23E5B /* BeaconsViewController.m */,
				09EE48E418A2FB570048CCFE /* LoginViewController.h */,
				09EE48E518A2FB570048CCFE /* LoginViewController.m */,
				093EF5D819DC696800A51AB2 /* CalibrateViewController.h */,
				093EF5D919DC696800A51AB2 /* CalibrateViewController.m */,
			);
			name = Controllers;
			sourceTree = "<group>";
		};
		6A43D144BA78E124F4D74BD8 /* Pods */ = {
			isa = PBXGroup;
			children = (
				10382C2052C67F35E3C7CA31 /* Pods-BlueBar Configuration Utility.debug.xcconfig */,
				C7A34E87AE858F2FE9813E0A /* Pods-BlueBar Configuration Utility.release.xcconfig */,
			);
			name = Pods;
			sourceTree = "<group>";
		};
/* End PBXGroup section */

/* Begin PBXNativeTarget section */
		0999CFDD189C693B00E877BC /* BlueBar Configuration Utility */ = {
			isa = PBXNativeTarget;
			buildConfigurationList = 0999D013189C693B00E877BC /* Build configuration list for PBXNativeTarget "BlueBar Configuration Utility" */;
			buildPhases = (
				88D68CFBD5E34971AEDAD340 /* [CP] Check Pods Manifest.lock */,
				0999CFDA189C693B00E877BC /* Sources */,
				0999CFDB189C693B00E877BC /* Frameworks */,
				0999CFDC189C693B00E877BC /* Resources */,
				1D316AFE2B3441E4A879B6F6 /* [CP] Copy Pods Resources */,
				88B4DAD22F81B89C493773AA /* [CP] Embed Pods Frameworks */,
			);
			buildRules = (
			);
			dependencies = (
			);
			name = "BlueBar Configuration Utility";
			productName = "BlueBar Service App";
			productReference = 0999CFDE189C693B00E877BC /* Beacon Configuration Utility.app */;
			productType = "com.apple.product-type.application";
		};
/* End PBXNativeTarget section */

/* Begin PBXProject section */
		0999CFD6189C693B00E877BC /* Project object */ = {
			isa = PBXProject;
			attributes = {
				CLASSPREFIX = "";
				LastUpgradeCheck = 0710;
				ORGANIZATIONNAME = "Blue Sense Networks";
				TargetAttributes = {
					0999CFDD189C693B00E877BC = {
						DevelopmentTeam = BNN3C9F338;
					};
				};
			};
			buildConfigurationList = 0999CFD9189C693B00E877BC /* Build configuration list for PBXProject "BlueBar Configuration Utility" */;
			compatibilityVersion = "Xcode 3.2";
			developmentRegion = English;
			hasScannedForEncodings = 0;
			knownRegions = (
				en,
				Base,
			);
			mainGroup = 0999CFD5189C693B00E877BC;
			productRefGroup = 0999CFDF189C693B00E877BC /* Products */;
			projectDirPath = "";
			projectRoot = "";
			targets = (
				0999CFDD189C693B00E877BC /* BlueBar Configuration Utility */,
			);
		};
/* End PBXProject section */

/* Begin PBXResourcesBuildPhase section */
		0999CFDC189C693B00E877BC /* Resources */ = {
			isa = PBXResourcesBuildPhase;
			buildActionMask = 2147483647;
			files = (
				093EF5D719D8DE2D00A51AB2 /* Main.storyboard in Resources */,
				0999CFFD189C693B00E877BC /* Images.xcassets in Resources */,
				096AA20F1BF40B4600E4C51E /* Launch Screen.storyboard in Resources */,
				0999CFEC189C693B00E877BC /* InfoPlist.strings in Resources */,
			);
			runOnlyForDeploymentPostprocessing = 0;
		};
/* End PBXResourcesBuildPhase section */

/* Begin PBXShellScriptBuildPhase section */
		1D316AFE2B3441E4A879B6F6 /* [CP] Copy Pods Resources */ = {
			isa = PBXShellScriptBuildPhase;
			buildActionMask = 2147483647;
			files = (
			);
			inputPaths = (
			);
			name = "[CP] Copy Pods Resources";
			outputPaths = (
			);
			runOnlyForDeploymentPostprocessing = 0;
			shellPath = /bin/sh;
			shellScript = "\"${SRCROOT}/Pods/Target Support Files/Pods-BlueBar Configuration Utility/Pods-BlueBar Configuration Utility-resources.sh\"\n";
			showEnvVarsInLog = 0;
		};
		88B4DAD22F81B89C493773AA /* [CP] Embed Pods Frameworks */ = {
			isa = PBXShellScriptBuildPhase;
			buildActionMask = 2147483647;
			files = (
			);
			inputPaths = (
			);
			name = "[CP] Embed Pods Frameworks";
			outputPaths = (
			);
			runOnlyForDeploymentPostprocessing = 0;
			shellPath = /bin/sh;
			shellScript = "\"${SRCROOT}/Pods/Target Support Files/Pods-BlueBar Configuration Utility/Pods-BlueBar Configuration Utility-frameworks.sh\"\n";
			showEnvVarsInLog = 0;
		};
		88D68CFBD5E34971AEDAD340 /* [CP] Check Pods Manifest.lock */ = {
			isa = PBXShellScriptBuildPhase;
			buildActionMask = 2147483647;
			files = (
			);
			inputPaths = (
			);
			name = "[CP] Check Pods Manifest.lock";
			outputPaths = (
			);
			runOnlyForDeploymentPostprocessing = 0;
			shellPath = /bin/sh;
			shellScript = "diff \"${PODS_ROOT}/../Podfile.lock\" \"${PODS_ROOT}/Manifest.lock\" > /dev/null\nif [ $? != 0 ] ; then\n    # print error to STDERR\n    echo \"error: The sandbox is not in sync with the Podfile.lock. Run 'pod install' or update your CocoaPods installation.\" >&2\n    exit 1\nfi\n";
			showEnvVarsInLog = 0;
		};
/* End PBXShellScriptBuildPhase section */

/* Begin PBXSourcesBuildPhase section */
		0999CFDA189C693B00E877BC /* Sources */ = {
			isa = PBXSourcesBuildPhase;
			buildActionMask = 2147483647;
			files = (
				093EF5DA19DC696800A51AB2 /* CalibrateViewController.m in Sources */,
				09EE48E618A2FB570048CCFE /* LoginViewController.m in Sources */,
				09C202CE189DB3A200C23E5B /* BeaconsViewController.m in Sources */,
				09C2032418A0663900C23E5B /* BeaconDetailViewController.m in Sources */,
				0999CFF2189C693B00E877BC /* BSNAppDelegate.m in Sources */,
				0999CFEE189C693B00E877BC /* main.m in Sources */,
			);
			runOnlyForDeploymentPostprocessing = 0;
		};
/* End PBXSourcesBuildPhase section */

/* Begin PBXVariantGroup section */
		0999CFEA189C693B00E877BC /* InfoPlist.strings */ = {
			isa = PBXVariantGroup;
			children = (
				0999CFEB189C693B00E877BC /* en */,
			);
			name = InfoPlist.strings;
			sourceTree = "<group>";
		};
/* End PBXVariantGroup section */

/* Begin XCBuildConfiguration section */
		0999D011189C693B00E877BC /* Debug */ = {
			isa = XCBuildConfiguration;
			buildSettings = {
				ALWAYS_SEARCH_USER_PATHS = NO;
				CLANG_CXX_LANGUAGE_STANDARD = "gnu++0x";
				CLANG_CXX_LIBRARY = "libc++";
				CLANG_ENABLE_MODULES = YES;
				CLANG_ENABLE_OBJC_ARC = YES;
				CLANG_WARN_BOOL_CONVERSION = YES;
				CLANG_WARN_CONSTANT_CONVERSION = YES;
				CLANG_WARN_DIRECT_OBJC_ISA_USAGE = YES_ERROR;
				CLANG_WARN_EMPTY_BODY = YES;
				CLANG_WARN_ENUM_CONVERSION = YES;
				CLANG_WARN_INT_CONVERSION = YES;
				CLANG_WARN_OBJC_ROOT_CLASS = YES_ERROR;
				CLANG_WARN__DUPLICATE_METHOD_MATCH = YES;
				"CODE_SIGN_IDENTITY[sdk=iphoneos*]" = "iPhone Developer";
				COPY_PHASE_STRIP = NO;
				ENABLE_TESTABILITY = YES;
				GCC_C_LANGUAGE_STANDARD = gnu99;
				GCC_DYNAMIC_NO_PIC = NO;
				GCC_OPTIMIZATION_LEVEL = 0;
				GCC_PREPROCESSOR_DEFINITIONS = (
					"DEBUG=1",
					"$(inherited)",
				);
				GCC_SYMBOLS_PRIVATE_EXTERN = NO;
				GCC_WARN_64_TO_32_BIT_CONVERSION = YES;
				GCC_WARN_ABOUT_RETURN_TYPE = YES_ERROR;
				GCC_WARN_UNDECLARED_SELECTOR = YES;
				GCC_WARN_UNINITIALIZED_AUTOS = YES;
				GCC_WARN_UNUSED_FUNCTION = YES;
				GCC_WARN_UNUSED_VARIABLE = YES;
				IPHONEOS_DEPLOYMENT_TARGET = 7.0;
				ONLY_ACTIVE_ARCH = YES;
				SDKROOT = iphoneos;
				TARGETED_DEVICE_FAMILY = "1,2";
			};
			name = Debug;
		};
		0999D012189C693B00E877BC /* Release */ = {
			isa = XCBuildConfiguration;
			buildSettings = {
				ALWAYS_SEARCH_USER_PATHS = NO;
				CLANG_CXX_LANGUAGE_STANDARD = "gnu++0x";
				CLANG_CXX_LIBRARY = "libc++";
				CLANG_ENABLE_MODULES = YES;
				CLANG_ENABLE_OBJC_ARC = YES;
				CLANG_WARN_BOOL_CONVERSION = YES;
				CLANG_WARN_CONSTANT_CONVERSION = YES;
				CLANG_WARN_DIRECT_OBJC_ISA_USAGE = YES_ERROR;
				CLANG_WARN_EMPTY_BODY = YES;
				CLANG_WARN_ENUM_CONVERSION = YES;
				CLANG_WARN_INT_CONVERSION = YES;
				CLANG_WARN_OBJC_ROOT_CLASS = YES_ERROR;
				CLANG_WARN__DUPLICATE_METHOD_MATCH = YES;
				"CODE_SIGN_IDENTITY[sdk=iphoneos*]" = "iPhone Developer";
				COPY_PHASE_STRIP = YES;
				ENABLE_NS_ASSERTIONS = NO;
				GCC_C_LANGUAGE_STANDARD = gnu99;
				GCC_WARN_64_TO_32_BIT_CONVERSION = YES;
				GCC_WARN_ABOUT_RETURN_TYPE = YES_ERROR;
				GCC_WARN_UNDECLARED_SELECTOR = YES;
				GCC_WARN_UNINITIALIZED_AUTOS = YES;
				GCC_WARN_UNUSED_FUNCTION = YES;
				GCC_WARN_UNUSED_VARIABLE = YES;
				IPHONEOS_DEPLOYMENT_TARGET = 7.0;
				SDKROOT = iphoneos;
				TARGETED_DEVICE_FAMILY = "1,2";
				VALIDATE_PRODUCT = YES;
			};
			name = Release;
		};
		0999D014189C693B00E877BC /* Debug */ = {
			isa = XCBuildConfiguration;
			baseConfigurationReference = 10382C2052C67F35E3C7CA31 /* Pods-BlueBar Configuration Utility.debug.xcconfig */;
			buildSettings = {
				ASSETCATALOG_COMPILER_APPICON_NAME = AppIcon;
				CODE_SIGN_IDENTITY = "iPhone Developer";
				"CODE_SIGN_IDENTITY[sdk=iphoneos*]" = "iPhone Developer";
				ENABLE_BITCODE = NO;
				FRAMEWORK_SEARCH_PATHS = (
					"$(inherited)",
					"$(PROJECT_DIR)",
				);
				GCC_PRECOMPILE_PREFIX_HEADER = YES;
				GCC_PREFIX_HEADER = "BlueBar Service App/BlueBar Configuration Utility-Prefix.pch";
				INFOPLIST_FILE = "BlueBar Service App/BlueBar Configuration Utility-Info.plist";
				IPHONEOS_DEPLOYMENT_TARGET = 7.0;
				LIBRARY_SEARCH_PATHS = (
					"$(inherited)",
					"$(USER_LIBRARY_DIR)/Developer/Xcode/DerivedData/BlueBar_Service_App-eixlgrzbdhhjcddxpcuxqtaodqcq/Build/Products/Debug-iphoneos",
					"\"${PROJECT_DIR}/../BlueBarSDK\"/**",
				);
				PRODUCT_BUNDLE_IDENTIFIER = blue.sense.net.beacon.configuration.utility;
				PRODUCT_NAME = "Beacon Configuration Utility";
				PROVISIONING_PROFILE = "";
				TARGETED_DEVICE_FAMILY = "1,2";
				USER_HEADER_SEARCH_PATHS = "\"${PROJECT_DIR}/../Pods\"/** \"${PROJECT_DIR}/../BlueBarSDK\"/**";
				WRAPPER_EXTENSION = app;
			};
			name = Debug;
		};
		0999D015189C693B00E877BC /* Release */ = {
			isa = XCBuildConfiguration;
			baseConfigurationReference = C7A34E87AE858F2FE9813E0A /* Pods-BlueBar Configuration Utility.release.xcconfig */;
			buildSettings = {
				ASSETCATALOG_COMPILER_APPICON_NAME = AppIcon;
				CODE_SIGN_IDENTITY = "iPhone Developer";
				"CODE_SIGN_IDENTITY[sdk=iphoneos*]" = "iPhone Developer";
				ENABLE_BITCODE = NO;
				FRAMEWORK_SEARCH_PATHS = (
					"$(inherited)",
					"$(PROJECT_DIR)",
				);
				GCC_PRECOMPILE_PREFIX_HEADER = YES;
				GCC_PREFIX_HEADER = "BlueBar Service App/BlueBar Configuration Utility-Prefix.pch";
				INFOPLIST_FILE = "BlueBar Service App/BlueBar Configuration Utility-Info.plist";
				IPHONEOS_DEPLOYMENT_TARGET = 7.0;
				LIBRARY_SEARCH_PATHS = (
					"$(inherited)",
					"$(USER_LIBRARY_DIR)/Developer/Xcode/DerivedData/BlueBar_Service_App-eixlgrzbdhhjcddxpcuxqtaodqcq/Build/Products/Debug-iphoneos",
					"\"${PROJECT_DIR}/../BlueBarSDK\"/**",
				);
				PRODUCT_BUNDLE_IDENTIFIER = blue.sense.net.beacon.configuration.utility;
				PRODUCT_NAME = "Beacon Configuration Utility";
				PROVISIONING_PROFILE = "";
				TARGETED_DEVICE_FAMILY = "1,2";
				USER_HEADER_SEARCH_PATHS = "\"${PROJECT_DIR}/../Pods\"/** \"${PROJECT_DIR}/../BlueBarSDK\"/**";
				WRAPPER_EXTENSION = app;
			};
			name = Release;
		};
/* End XCBuildConfiguration section */

/* Begin XCConfigurationList section */
		0999CFD9189C693B00E877BC /* Build configuration list for PBXProject "BlueBar Configuration Utility" */ = {
			isa = XCConfigurationList;
			buildConfigurations = (
				0999D011189C693B00E877BC /* Debug */,
				0999D012189C693B00E877BC /* Release */,
			);
			defaultConfigurationIsVisible = 0;
			defaultConfigurationName = Release;
		};
		0999D013189C693B00E877BC /* Build configuration list for PBXNativeTarget "BlueBar Configuration Utility" */ = {
			isa = XCConfigurationList;
			buildConfigurations = (
				0999D014189C693B00E877BC /* Debug */,
				0999D015189C693B00E877BC /* Release */,
			);
			defaultConfigurationIsVisible = 0;
			defaultConfigurationName = Release;
		};
/* End XCConfigurationList section */
	};
	rootObject = 0999CFD6189C693B00E877BC /* Project object */;
}
