PODS:
  - InAppSettingsKit (2.2)
  - ISO8601DateFormatter (0.7)

DEPENDENCIES:
  - InAppSettingsKit (~> 2.2)
  - ISO8601DateFormatter (~> 0.6)

SPEC CHECKSUMS:
  InAppSettingsKit: 08d5d21057973c5fd6cd9f7063fc27f73aa0d7a3
  ISO8601DateFormatter: 59731cd880cf87e71b4fa95f0d6b713dcbc4cbce

COCOAPODS: 0.34.1
